// !$*UTF8*$!
{
	archiveVersion = 1;
	classes = {
	};
	objectVersion = 48;
	objects = {

/* Begin PBXBuildFile section */
		78BCF7C13C93620209DBBC92 /* libPods-True Dare or shotsUITests.a in Frameworks */ = {isa = PBXBuildFile; fileRef = 14F79EECB2B20DF59E543834 /* libPods-True Dare or shotsUITests.a */; };
		7B8272512155821B006D11E5 /* Preguntas.swift in Sources */ = {isa = PBXBuildFile; fileRef = 7B8272502155821B006D11E5 /* Preguntas.swift */; };
		CB183E96FC960EDD81FBB9DC /* libPods-True Dare or shotsTests.a in Frameworks */ = {isa = PBXBuildFile; fileRef = 967B3217E0E08F8C2994F1F2 /* libPods-True Dare or shotsTests.a */; };
		D2F3D0D773527C0E040ADC56 /* libPods-True Dare or shots.a in Frameworks */ = {isa = PBXBuildFile; fileRef = D59737BAD33BB20A94ECB974 /* libPods-True Dare or shots.a */; };
		F14FCB9C211A32520023D48F /* infofile.swift in Sources */ = {isa = PBXBuildFile; fileRef = F14FCB9B211A32520023D48F /* infofile.swift */; };
		F14FCB9E211A32B10023D48F /* playersfile.swift in Sources */ = {isa = PBXBuildFile; fileRef = F14FCB9D211A32B10023D48F /* playersfile.swift */; };
		F14FCBA0211A33030023D48F /* PlayFile.swift in Sources */ = {isa = PBXBuildFile; fileRef = F14FCB9F211A33030023D48F /* PlayFile.swift */; };
		F14FCBA2211A335A0023D48F /* SettingsFile.swift in Sources */ = {isa = PBXBuildFile; fileRef = F14FCBA1211A335A0023D48F /* SettingsFile.swift */; };
		F14FCBA4211A336E0023D48F /* AddDare.swift in Sources */ = {isa = PBXBuildFile; fileRef = F14FCBA3211A336E0023D48F /* AddDare.swift */; };
		F169E50E211933AF0070CD41 /* AppDelegate.swift in Sources */ = {isa = PBXBuildFile; fileRef = F169E50D211933AF0070CD41 /* AppDelegate.swift */; };
		F169E510211933AF0070CD41 /* ViewController.swift in Sources */ = {isa = PBXBuildFile; fileRef = F169E50F211933AF0070CD41 /* ViewController.swift */; };
		F169E513211933AF0070CD41 /* Main.storyboard in Resources */ = {isa = PBXBuildFile; fileRef = F169E511211933AF0070CD41 /* Main.storyboard */; };
		F169E516211933AF0070CD41 /* True_Dare_or_shots.xcdatamodeld in Sources */ = {isa = PBXBuildFile; fileRef = F169E514211933AF0070CD41 /* True_Dare_or_shots.xcdatamodeld */; };
		F169E518211933AF0070CD41 /* Assets.xcassets in Resources */ = {isa = PBXBuildFile; fileRef = F169E517211933AF0070CD41 /* Assets.xcassets */; };
		F169E51B211933AF0070CD41 /* LaunchScreen.storyboard in Resources */ = {isa = PBXBuildFile; fileRef = F169E519211933AF0070CD41 /* LaunchScreen.storyboard */; };
		F169E526211933AF0070CD41 /* True_Dare_or_shotsTests.swift in Sources */ = {isa = PBXBuildFile; fileRef = F169E525211933AF0070CD41 /* True_Dare_or_shotsTests.swift */; };
		F169E531211933AF0070CD41 /* True_Dare_or_shotsUITests.swift in Sources */ = {isa = PBXBuildFile; fileRef = F169E530211933AF0070CD41 /* True_Dare_or_shotsUITests.swift */; };
		F18727F3213DCC6900E9EFB2 /* UIbottonextension.swift in Sources */ = {isa = PBXBuildFile; fileRef = F18727F2213DCC6800E9EFB2 /* UIbottonextension.swift */; };
		F19F8158215432E60000392E /* StringVerdadReto.swift in Sources */ = {isa = PBXBuildFile; fileRef = F19F8157215432E60000392E /* StringVerdadReto.swift */; };
		F19F815E21594B030000392E /* CircleMenu.swift in Sources */ = {isa = PBXBuildFile; fileRef = F19F815D21594B030000392E /* CircleMenu.swift */; };
		F19F816021594B3B0000392E /* CircleMenuLoader.swift in Sources */ = {isa = PBXBuildFile; fileRef = F19F815F21594B3B0000392E /* CircleMenuLoader.swift */; };
		F19F816221594B710000392E /* CircleMenuButton.swift in Sources */ = {isa = PBXBuildFile; fileRef = F19F816121594B710000392E /* CircleMenuButton.swift */; };
		F19F816821599A3C0000392E /* Designable.swift in Sources */ = {isa = PBXBuildFile; fileRef = F19F816721599A3C0000392E /* Designable.swift */; };
		F19F816A21599A730000392E /* TabBarController.swift in Sources */ = {isa = PBXBuildFile; fileRef = F19F816921599A730000392E /* TabBarController.swift */; };
		F1D15212213F968200D269E0 /* CardView.swift in Sources */ = {isa = PBXBuildFile; fileRef = F1D15211213F968200D269E0 /* CardView.swift */; };
/* End PBXBuildFile section */

/* Begin PBXContainerItemProxy section */
		F169E522211933AF0070CD41 /* PBXContainerItemProxy */ = {
			isa = PBXContainerItemProxy;
			containerPortal = F169E502211933AE0070CD41 /* Project object */;
			proxyType = 1;
			remoteGlobalIDString = F169E509211933AF0070CD41;
			remoteInfo = "True Dare or shots";
		};
		F169E52D211933AF0070CD41 /* PBXContainerItemProxy */ = {
			isa = PBXContainerItemProxy;
			containerPortal = F169E502211933AE0070CD41 /* Project object */;
			proxyType = 1;
			remoteGlobalIDString = F169E509211933AF0070CD41;
			remoteInfo = "True Dare or shots";
		};
/* End PBXContainerItemProxy section */

/* Begin PBXFileReference section */
		14F79EECB2B20DF59E543834 /* libPods-True Dare or shotsUITests.a */ = {isa = PBXFileReference; explicitFileType = archive.ar; includeInIndex = 0; path = "libPods-True Dare or shotsUITests.a"; sourceTree = BUILT_PRODUCTS_DIR; };
		2A6380387C4143658CF2267A /* Pods-True Dare or shotsTests.release.xcconfig */ = {isa = PBXFileReference; includeInIndex = 1; lastKnownFileType = text.xcconfig; name = "Pods-True Dare or shotsTests.release.xcconfig"; path = "Pods/Target Support Files/Pods-True Dare or shotsTests/Pods-True Dare or shotsTests.release.xcconfig"; sourceTree = "<group>"; };
		4C6D60D2326B1530093CAE85 /* Pods-True Dare or shots.release.xcconfig */ = {isa = PBXFileReference; includeInIndex = 1; lastKnownFileType = text.xcconfig; name = "Pods-True Dare or shots.release.xcconfig"; path = "Pods/Target Support Files/Pods-True Dare or shots/Pods-True Dare or shots.release.xcconfig"; sourceTree = "<group>"; };
		7B8272502155821B006D11E5 /* Preguntas.swift */ = {isa = PBXFileReference; lastKnownFileType = sourcecode.swift; path = Preguntas.swift; sourceTree = "<group>"; };
		7D5020453076FEC312370FC6 /* Pods-True Dare or shotsUITests.debug.xcconfig */ = {isa = PBXFileReference; includeInIndex = 1; lastKnownFileType = text.xcconfig; name = "Pods-True Dare or shotsUITests.debug.xcconfig"; path = "Pods/Target Support Files/Pods-True Dare or shotsUITests/Pods-True Dare or shotsUITests.debug.xcconfig"; sourceTree = "<group>"; };
		967B3217E0E08F8C2994F1F2 /* libPods-True Dare or shotsTests.a */ = {isa = PBXFileReference; explicitFileType = archive.ar; includeInIndex = 0; path = "libPods-True Dare or shotsTests.a"; sourceTree = BUILT_PRODUCTS_DIR; };
		CA71D1FB27C47D8C40CA6F62 /* Pods-True Dare or shots.debug.xcconfig */ = {isa = PBXFileReference; includeInIndex = 1; lastKnownFileType = text.xcconfig; name = "Pods-True Dare or shots.debug.xcconfig"; path = "Pods/Target Support Files/Pods-True Dare or shots/Pods-True Dare or shots.debug.xcconfig"; sourceTree = "<group>"; };
		D59737BAD33BB20A94ECB974 /* libPods-True Dare or shots.a */ = {isa = PBXFileReference; explicitFileType = archive.ar; includeInIndex = 0; path = "libPods-True Dare or shots.a"; sourceTree = BUILT_PRODUCTS_DIR; };
		F14FCB9B211A32520023D48F /* infofile.swift */ = {isa = PBXFileReference; lastKnownFileType = sourcecode.swift; path = infofile.swift; sourceTree = "<group>"; };
		F14FCB9D211A32B10023D48F /* playersfile.swift */ = {isa = PBXFileReference; lastKnownFileType = sourcecode.swift; path = playersfile.swift; sourceTree = "<group>"; };
		F14FCB9F211A33030023D48F /* PlayFile.swift */ = {isa = PBXFileReference; lastKnownFileType = sourcecode.swift; path = PlayFile.swift; sourceTree = "<group>"; };
		F14FCBA1211A335A0023D48F /* SettingsFile.swift */ = {isa = PBXFileReference; lastKnownFileType = sourcecode.swift; path = SettingsFile.swift; sourceTree = "<group>"; };
		F14FCBA3211A336E0023D48F /* AddDare.swift */ = {isa = PBXFileReference; lastKnownFileType = sourcecode.swift; path = AddDare.swift; sourceTree = "<group>"; };
		F169E50A211933AF0070CD41 /* True Dare or shots.app */ = {isa = PBXFileReference; explicitFileType = wrapper.application; includeInIndex = 0; path = "True Dare or shots.app"; sourceTree = BUILT_PRODUCTS_DIR; };
		F169E50D211933AF0070CD41 /* AppDelegate.swift */ = {isa = PBXFileReference; lastKnownFileType = sourcecode.swift; path = AppDelegate.swift; sourceTree = "<group>"; };
		F169E50F211933AF0070CD41 /* ViewController.swift */ = {isa = PBXFileReference; lastKnownFileType = sourcecode.swift; path = ViewController.swift; sourceTree = "<group>"; };
		F169E512211933AF0070CD41 /* Base */ = {isa = PBXFileReference; lastKnownFileType = file.storyboard; name = Base; path = Base.lproj/Main.storyboard; sourceTree = "<group>"; };
		F169E515211933AF0070CD41 /* True_Dare_or_shots.xcdatamodel */ = {isa = PBXFileReference; lastKnownFileType = wrapper.xcdatamodel; path = True_Dare_or_shots.xcdatamodel; sourceTree = "<group>"; };
		F169E517211933AF0070CD41 /* Assets.xcassets */ = {isa = PBXFileReference; lastKnownFileType = folder.assetcatalog; path = Assets.xcassets; sourceTree = "<group>"; };
		F169E51A211933AF0070CD41 /* Base */ = {isa = PBXFileReference; lastKnownFileType = file.storyboard; name = Base; path = Base.lproj/LaunchScreen.storyboard; sourceTree = "<group>"; };
		F169E51C211933AF0070CD41 /* Info.plist */ = {isa = PBXFileReference; lastKnownFileType = text.plist.xml; path = Info.plist; sourceTree = "<group>"; };
		F169E521211933AF0070CD41 /* True Dare or shotsTests.xctest */ = {isa = PBXFileReference; explicitFileType = wrapper.cfbundle; includeInIndex = 0; path = "True Dare or shotsTests.xctest"; sourceTree = BUILT_PRODUCTS_DIR; };
		F169E525211933AF0070CD41 /* True_Dare_or_shotsTests.swift */ = {isa = PBXFileReference; lastKnownFileType = sourcecode.swift; path = True_Dare_or_shotsTests.swift; sourceTree = "<group>"; };
		F169E527211933AF0070CD41 /* Info.plist */ = {isa = PBXFileReference; lastKnownFileType = text.plist.xml; path = Info.plist; sourceTree = "<group>"; };
		F169E52C211933AF0070CD41 /* True Dare or shotsUITests.xctest */ = {isa = PBXFileReference; explicitFileType = wrapper.cfbundle; includeInIndex = 0; path = "True Dare or shotsUITests.xctest"; sourceTree = BUILT_PRODUCTS_DIR; };
		F169E530211933AF0070CD41 /* True_Dare_or_shotsUITests.swift */ = {isa = PBXFileReference; lastKnownFileType = sourcecode.swift; path = True_Dare_or_shotsUITests.swift; sourceTree = "<group>"; };
		F169E532211933AF0070CD41 /* Info.plist */ = {isa = PBXFileReference; lastKnownFileType = text.plist.xml; path = Info.plist; sourceTree = "<group>"; };
		F18727F2213DCC6800E9EFB2 /* UIbottonextension.swift */ = {isa = PBXFileReference; lastKnownFileType = sourcecode.swift; path = UIbottonextension.swift; sourceTree = "<group>"; };
		F19F8157215432E60000392E /* StringVerdadReto.swift */ = {isa = PBXFileReference; lastKnownFileType = sourcecode.swift; name = StringVerdadReto.swift; path = ../StringVerdadReto.swift; sourceTree = "<group>"; };
		F19F815D21594B030000392E /* CircleMenu.swift */ = {isa = PBXFileReference; lastKnownFileType = sourcecode.swift; path = CircleMenu.swift; sourceTree = "<group>"; };
		F19F815F21594B3B0000392E /* CircleMenuLoader.swift */ = {isa = PBXFileReference; lastKnownFileType = sourcecode.swift; path = CircleMenuLoader.swift; sourceTree = "<group>"; };
		F19F816121594B710000392E /* CircleMenuButton.swift */ = {isa = PBXFileReference; lastKnownFileType = sourcecode.swift; path = CircleMenuButton.swift; sourceTree = "<group>"; };
		F19F816721599A3C0000392E /* Designable.swift */ = {isa = PBXFileReference; lastKnownFileType = sourcecode.swift; path = Designable.swift; sourceTree = "<group>"; };
		F19F816921599A730000392E /* TabBarController.swift */ = {isa = PBXFileReference; lastKnownFileType = sourcecode.swift; path = TabBarController.swift; sourceTree = "<group>"; };
		F1D15211213F968200D269E0 /* CardView.swift */ = {isa = PBXFileReference; lastKnownFileType = sourcecode.swift; path = CardView.swift; sourceTree = "<group>"; };
		FD7FD8377A6B7CE2275A08EE /* Pods-True Dare or shotsTests.debug.xcconfig */ = {isa = PBXFileReference; includeInIndex = 1; lastKnownFileType = text.xcconfig; name = "Pods-True Dare or shotsTests.debug.xcconfig"; path = "Pods/Target Support Files/Pods-True Dare or shotsTests/Pods-True Dare or shotsTests.debug.xcconfig"; sourceTree = "<group>"; };
		FF7B2DBBB2D65A055D43AAC7 /* Pods-True Dare or shotsUITests.release.xcconfig */ = {isa = PBXFileReference; includeInIndex = 1; lastKnownFileType = text.xcconfig; name = "Pods-True Dare or shotsUITests.release.xcconfig"; path = "Pods/Target Support Files/Pods-True Dare or shotsUITests/Pods-True Dare or shotsUITests.release.xcconfig"; sourceTree = "<group>"; };
/* End PBXFileReference section */

/* Begin PBXFrameworksBuildPhase section */
		F169E507211933AF0070CD41 /* Frameworks */ = {
			isa = PBXFrameworksBuildPhase;
			buildActionMask = 2147483647;
			files = (
				D2F3D0D773527C0E040ADC56 /* libPods-True Dare or shots.a in Frameworks */,
			);
			runOnlyForDeploymentPostprocessing = 0;
		};
		F169E51E211933AF0070CD41 /* Frameworks */ = {
			isa = PBXFrameworksBuildPhase;
			buildActionMask = 2147483647;
			files = (
				CB183E96FC960EDD81FBB9DC /* libPods-True Dare or shotsTests.a in Frameworks */,
			);
			runOnlyForDeploymentPostprocessing = 0;
		};
		F169E529211933AF0070CD41 /* Frameworks */ = {
			isa = PBXFrameworksBuildPhase;
			buildActionMask = 2147483647;
			files = (
				78BCF7C13C93620209DBBC92 /* libPods-True Dare or shotsUITests.a in Frameworks */,
			);
			runOnlyForDeploymentPostprocessing = 0;
		};
/* End PBXFrameworksBuildPhase section */

/* Begin PBXGroup section */
		06915452D0E1ACB2150054CE /* Frameworks */ = {
			isa = PBXGroup;
			children = (
				D59737BAD33BB20A94ECB974 /* libPods-True Dare or shots.a */,
				967B3217E0E08F8C2994F1F2 /* libPods-True Dare or shotsTests.a */,
				14F79EECB2B20DF59E543834 /* libPods-True Dare or shotsUITests.a */,
			);
			name = Frameworks;
			sourceTree = "<group>";
		};
		C560DDE7BFE52BE13BD42917 /* Pods */ = {
			isa = PBXGroup;
			children = (
				CA71D1FB27C47D8C40CA6F62 /* Pods-True Dare or shots.debug.xcconfig */,
				4C6D60D2326B1530093CAE85 /* Pods-True Dare or shots.release.xcconfig */,
				FD7FD8377A6B7CE2275A08EE /* Pods-True Dare or shotsTests.debug.xcconfig */,
				2A6380387C4143658CF2267A /* Pods-True Dare or shotsTests.release.xcconfig */,
				7D5020453076FEC312370FC6 /* Pods-True Dare or shotsUITests.debug.xcconfig */,
				FF7B2DBBB2D65A055D43AAC7 /* Pods-True Dare or shotsUITests.release.xcconfig */,
			);
			name = Pods;
			sourceTree = "<group>";
		};
		F169E501211933AE0070CD41 = {
			isa = PBXGroup;
			children = (
				F169E50C211933AF0070CD41 /* True Dare or shots */,
				F169E524211933AF0070CD41 /* True Dare or shotsTests */,
				F169E52F211933AF0070CD41 /* True Dare or shotsUITests */,
				F169E50B211933AF0070CD41 /* Products */,
				C560DDE7BFE52BE13BD42917 /* Pods */,
				06915452D0E1ACB2150054CE /* Frameworks */,
			);
			sourceTree = "<group>";
		};
		F169E50B211933AF0070CD41 /* Products */ = {
			isa = PBXGroup;
			children = (
				F169E50A211933AF0070CD41 /* True Dare or shots.app */,
				F169E521211933AF0070CD41 /* True Dare or shotsTests.xctest */,
				F169E52C211933AF0070CD41 /* True Dare or shotsUITests.xctest */,
			);
			name = Products;
			sourceTree = "<group>";
		};
		F169E50C211933AF0070CD41 /* True Dare or shots */ = {
			isa = PBXGroup;
			children = (
				F169E50D211933AF0070CD41 /* AppDelegate.swift */,
				F19F8157215432E60000392E /* StringVerdadReto.swift */,
				F169E50F211933AF0070CD41 /* ViewController.swift */,
				F169E511211933AF0070CD41 /* Main.storyboard */,
				F169E517211933AF0070CD41 /* Assets.xcassets */,
				F169E519211933AF0070CD41 /* LaunchScreen.storyboard */,
				F169E51C211933AF0070CD41 /* Info.plist */,
				F169E514211933AF0070CD41 /* True_Dare_or_shots.xcdatamodeld */,
				F14FCB9B211A32520023D48F /* infofile.swift */,
				F14FCB9D211A32B10023D48F /* playersfile.swift */,
				F14FCB9F211A33030023D48F /* PlayFile.swift */,
				F14FCBA1211A335A0023D48F /* SettingsFile.swift */,
				F14FCBA3211A336E0023D48F /* AddDare.swift */,
				F1D15211213F968200D269E0 /* CardView.swift */,
				7B8272502155821B006D11E5 /* Preguntas.swift */,
				F19F816621599A070000392E /* swipetapbar */,
				F19F815C21594ACC0000392E /* Add dare circle */,
			);
			path = "True Dare or shots";
			sourceTree = "<group>";
		};
		F169E524211933AF0070CD41 /* True Dare or shotsTests */ = {
			isa = PBXGroup;
			children = (
				F169E525211933AF0070CD41 /* True_Dare_or_shotsTests.swift */,
				F169E527211933AF0070CD41 /* Info.plist */,
			);
			path = "True Dare or shotsTests";
			sourceTree = "<group>";
		};
		F169E52F211933AF0070CD41 /* True Dare or shotsUITests */ = {
			isa = PBXGroup;
			children = (
				F169E530211933AF0070CD41 /* True_Dare_or_shotsUITests.swift */,
				F169E532211933AF0070CD41 /* Info.plist */,
			);
			path = "True Dare or shotsUITests";
			sourceTree = "<group>";
		};
		F19F815C21594ACC0000392E /* Add dare circle */ = {
			isa = PBXGroup;
			children = (
				F19F815D21594B030000392E /* CircleMenu.swift */,
				F18727F2213DCC6800E9EFB2 /* UIbottonextension.swift */,
				F19F815F21594B3B0000392E /* CircleMenuLoader.swift */,
				F19F816121594B710000392E /* CircleMenuButton.swift */,
			);
			path = "Add dare circle";
			sourceTree = "<group>";
		};
		F19F816621599A070000392E /* swipetapbar */ = {
			isa = PBXGroup;
			children = (
				F19F816721599A3C0000392E /* Designable.swift */,
				F19F816921599A730000392E /* TabBarController.swift */,
			);
			path = swipetapbar;
			sourceTree = "<group>";
		};
/* End PBXGroup section */

/* Begin PBXNativeTarget section */
		F169E509211933AF0070CD41 /* True Dare or shots */ = {
			isa = PBXNativeTarget;
			buildConfigurationList = F169E535211933AF0070CD41 /* Build configuration list for PBXNativeTarget "True Dare or shots" */;
			buildPhases = (
				59EB47BAD1E0007115F731DC /* [CP] Check Pods Manifest.lock */,
				F169E506211933AF0070CD41 /* Sources */,
				F169E507211933AF0070CD41 /* Frameworks */,
				F169E508211933AF0070CD41 /* Resources */,
			);
			buildRules = (
			);
			dependencies = (
			);
			name = "True Dare or shots";
			productName = "True Dare or shots";
			productReference = F169E50A211933AF0070CD41 /* True Dare or shots.app */;
			productType = "com.apple.product-type.application";
		};
		F169E520211933AF0070CD41 /* True Dare or shotsTests */ = {
			isa = PBXNativeTarget;
			buildConfigurationList = F169E538211933AF0070CD41 /* Build configuration list for PBXNativeTarget "True Dare or shotsTests" */;
			buildPhases = (
				085A3FA5F2F742637F245DFC /* [CP] Check Pods Manifest.lock */,
				F169E51D211933AF0070CD41 /* Sources */,
				F169E51E211933AF0070CD41 /* Frameworks */,
				F169E51F211933AF0070CD41 /* Resources */,
			);
			buildRules = (
			);
			dependencies = (
				F169E523211933AF0070CD41 /* PBXTargetDependency */,
			);
			name = "True Dare or shotsTests";
			productName = "True Dare or shotsTests";
			productReference = F169E521211933AF0070CD41 /* True Dare or shotsTests.xctest */;
			productType = "com.apple.product-type.bundle.unit-test";
		};
		F169E52B211933AF0070CD41 /* True Dare or shotsUITests */ = {
			isa = PBXNativeTarget;
			buildConfigurationList = F169E53B211933AF0070CD41 /* Build configuration list for PBXNativeTarget "True Dare or shotsUITests" */;
			buildPhases = (
				128DC3540BE236199D4DC1B9 /* [CP] Check Pods Manifest.lock */,
				F169E528211933AF0070CD41 /* Sources */,
				F169E529211933AF0070CD41 /* Frameworks */,
				F169E52A211933AF0070CD41 /* Resources */,
			);
			buildRules = (
			);
			dependencies = (
				F169E52E211933AF0070CD41 /* PBXTargetDependency */,
			);
			name = "True Dare or shotsUITests";
			productName = "True Dare or shotsUITests";
			productReference = F169E52C211933AF0070CD41 /* True Dare or shotsUITests.xctest */;
			productType = "com.apple.product-type.bundle.ui-testing";
		};
/* End PBXNativeTarget section */

/* Begin PBXProject section */
		F169E502211933AE0070CD41 /* Project object */ = {
			isa = PBXProject;
			attributes = {
				LastSwiftUpdateCheck = 0920;
				LastUpgradeCheck = 0920;
				ORGANIZATIONNAME = diego;
				TargetAttributes = {
					F169E509211933AF0070CD41 = {
						CreatedOnToolsVersion = 9.2;
						ProvisioningStyle = Automatic;
					};
					F169E520211933AF0070CD41 = {
						CreatedOnToolsVersion = 9.2;
						ProvisioningStyle = Automatic;
						TestTargetID = F169E509211933AF0070CD41;
					};
					F169E52B211933AF0070CD41 = {
						CreatedOnToolsVersion = 9.2;
						ProvisioningStyle = Automatic;
						TestTargetID = F169E509211933AF0070CD41;
					};
				};
			};
			buildConfigurationList = F169E505211933AE0070CD41 /* Build configuration list for PBXProject "True Dare or shots" */;
			compatibilityVersion = "Xcode 8.0";
			developmentRegion = en;
			hasScannedForEncodings = 0;
			knownRegions = (
				en,
				Base,
			);
			mainGroup = F169E501211933AE0070CD41;
			productRefGroup = F169E50B211933AF0070CD41 /* Products */;
			projectDirPath = "";
			projectRoot = "";
			targets = (
				F169E509211933AF0070CD41 /* True Dare or shots */,
				F169E520211933AF0070CD41 /* True Dare or shotsTests */,
				F169E52B211933AF0070CD41 /* True Dare or shotsUITests */,
			);
		};
/* End PBXProject section */

/* Begin PBXResourcesBuildPhase section */
		F169E508211933AF0070CD41 /* Resources */ = {
			isa = PBXResourcesBuildPhase;
			buildActionMask = 2147483647;
			files = (
				F169E51B211933AF0070CD41 /* LaunchScreen.storyboard in Resources */,
				F169E518211933AF0070CD41 /* Assets.xcassets in Resources */,
				F169E513211933AF0070CD41 /* Main.storyboard in Resources */,
			);
			runOnlyForDeploymentPostprocessing = 0;
		};
		F169E51F211933AF0070CD41 /* Resources */ = {
			isa = PBXResourcesBuildPhase;
			buildActionMask = 2147483647;
			files = (
			);
			runOnlyForDeploymentPostprocessing = 0;
		};
		F169E52A211933AF0070CD41 /* Resources */ = {
			isa = PBXResourcesBuildPhase;
			buildActionMask = 2147483647;
			files = (
			);
			runOnlyForDeploymentPostprocessing = 0;
		};
/* End PBXResourcesBuildPhase section */

/* Begin PBXShellScriptBuildPhase section */
		085A3FA5F2F742637F245DFC /* [CP] Check Pods Manifest.lock */ = {
			isa = PBXShellScriptBuildPhase;
			buildActionMask = 2147483647;
			files = (
			);
			inputPaths = (
				"${PODS_PODFILE_DIR_PATH}/Podfile.lock",
				"${PODS_ROOT}/Manifest.lock",
			);
			name = "[CP] Check Pods Manifest.lock";
			outputPaths = (
				"$(DERIVED_FILE_DIR)/Pods-True Dare or shotsTests-checkManifestLockResult.txt",
			);
			runOnlyForDeploymentPostprocessing = 0;
			shellPath = /bin/sh;
			shellScript = "diff \"${PODS_PODFILE_DIR_PATH}/Podfile.lock\" \"${PODS_ROOT}/Manifest.lock\" > /dev/null\nif [ $? != 0 ] ; then\n    # print error to STDERR\n    echo \"error: The sandbox is not in sync with the Podfile.lock. Run 'pod install' or update your CocoaPods installation.\" >&2\n    exit 1\nfi\n# This output is used by Xcode 'outputs' to avoid re-running this script phase.\necho \"SUCCESS\" > \"${SCRIPT_OUTPUT_FILE_0}\"\n";
			showEnvVarsInLog = 0;
		};
		128DC3540BE236199D4DC1B9 /* [CP] Check Pods Manifest.lock */ = {
			isa = PBXShellScriptBuildPhase;
			buildActionMask = 2147483647;
			files = (
			);
			inputPaths = (
				"${PODS_PODFILE_DIR_PATH}/Podfile.lock",
				"${PODS_ROOT}/Manifest.lock",
			);
			name = "[CP] Check Pods Manifest.lock";
			outputPaths = (
				"$(DERIVED_FILE_DIR)/Pods-True Dare or shotsUITests-checkManifestLockResult.txt",
			);
			runOnlyForDeploymentPostprocessing = 0;
			shellPath = /bin/sh;
			shellScript = "diff \"${PODS_PODFILE_DIR_PATH}/Podfile.lock\" \"${PODS_ROOT}/Manifest.lock\" > /dev/null\nif [ $? != 0 ] ; then\n    # print error to STDERR\n    echo \"error: The sandbox is not in sync with the Podfile.lock. Run 'pod install' or update your CocoaPods installation.\" >&2\n    exit 1\nfi\n# This output is used by Xcode 'outputs' to avoid re-running this script phase.\necho \"SUCCESS\" > \"${SCRIPT_OUTPUT_FILE_0}\"\n";
			showEnvVarsInLog = 0;
		};
		59EB47BAD1E0007115F731DC /* [CP] Check Pods Manifest.lock */ = {
			isa = PBXShellScriptBuildPhase;
			buildActionMask = 2147483647;
			files = (
			);
			inputPaths = (
				"${PODS_PODFILE_DIR_PATH}/Podfile.lock",
				"${PODS_ROOT}/Manifest.lock",
			);
			name = "[CP] Check Pods Manifest.lock";
			outputPaths = (
				"$(DERIVED_FILE_DIR)/Pods-True Dare or shots-checkManifestLockResult.txt",
			);
			runOnlyForDeploymentPostprocessing = 0;
			shellPath = /bin/sh;
			shellScript = "diff \"${PODS_PODFILE_DIR_PATH}/Podfile.lock\" \"${PODS_ROOT}/Manifest.lock\" > /dev/null\nif [ $? != 0 ] ; then\n    # print error to STDERR\n    echo \"error: The sandbox is not in sync with the Podfile.lock. Run 'pod install' or update your CocoaPods installation.\" >&2\n    exit 1\nfi\n# This output is used by Xcode 'outputs' to avoid re-running this script phase.\necho \"SUCCESS\" > \"${SCRIPT_OUTPUT_FILE_0}\"\n";
			showEnvVarsInLog = 0;
		};
/* End PBXShellScriptBuildPhase section */

/* Begin PBXSourcesBuildPhase section */
		F169E506211933AF0070CD41 /* Sources */ = {
			isa = PBXSourcesBuildPhase;
			buildActionMask = 2147483647;
			files = (
				F169E516211933AF0070CD41 /* True_Dare_or_shots.xcdatamodeld in Sources */,
				7B8272512155821B006D11E5 /* Preguntas.swift in Sources */,
				F14FCB9C211A32520023D48F /* infofile.swift in Sources */,
				F169E510211933AF0070CD41 /* ViewController.swift in Sources */,
				F14FCBA0211A33030023D48F /* PlayFile.swift in Sources */,
				F19F816021594B3B0000392E /* CircleMenuLoader.swift in Sources */,
				F19F816A21599A730000392E /* TabBarController.swift in Sources */,
				F1D15212213F968200D269E0 /* CardView.swift in Sources */,
				F14FCB9E211A32B10023D48F /* playersfile.swift in Sources */,
				F14FCBA4211A336E0023D48F /* AddDare.swift in Sources */,
				F19F816821599A3C0000392E /* Designable.swift in Sources */,
				F169E50E211933AF0070CD41 /* AppDelegate.swift in Sources */,
				F18727F3213DCC6900E9EFB2 /* UIbottonextension.swift in Sources */,
				F14FCBA2211A335A0023D48F /* SettingsFile.swift in Sources */,
				F19F815E21594B030000392E /* CircleMenu.swift in Sources */,
				F19F816221594B710000392E /* CircleMenuButton.swift in Sources */,
				F19F8158215432E60000392E /* StringVerdadReto.swift in Sources */,
			);
			runOnlyForDeploymentPostprocessing = 0;
		};
		F169E51D211933AF0070CD41 /* Sources */ = {
			isa = PBXSourcesBuildPhase;
			buildActionMask = 2147483647;
			files = (
				F169E526211933AF0070CD41 /* True_Dare_or_shotsTests.swift in Sources */,
			);
			runOnlyForDeploymentPostprocessing = 0;
		};
		F169E528211933AF0070CD41 /* Sources */ = {
			isa = PBXSourcesBuildPhase;
			buildActionMask = 2147483647;
			files = (
				F169E531211933AF0070CD41 /* True_Dare_or_shotsUITests.swift in Sources */,
			);
			runOnlyForDeploymentPostprocessing = 0;
		};
/* End PBXSourcesBuildPhase section */

/* Begin PBXTargetDependency section */
		F169E523211933AF0070CD41 /* PBXTargetDependency */ = {
			isa = PBXTargetDependency;
			target = F169E509211933AF0070CD41 /* True Dare or shots */;
			targetProxy = F169E522211933AF0070CD41 /* PBXContainerItemProxy */;
		};
		F169E52E211933AF0070CD41 /* PBXTargetDependency */ = {
			isa = PBXTargetDependency;
			target = F169E509211933AF0070CD41 /* True Dare or shots */;
			targetProxy = F169E52D211933AF0070CD41 /* PBXContainerItemProxy */;
		};
/* End PBXTargetDependency section */

/* Begin PBXVariantGroup section */
		F169E511211933AF0070CD41 /* Main.storyboard */ = {
			isa = PBXVariantGroup;
			children = (
				F169E512211933AF0070CD41 /* Base */,
			);
			name = Main.storyboard;
			sourceTree = "<group>";
		};
		F169E519211933AF0070CD41 /* LaunchScreen.storyboard */ = {
			isa = PBXVariantGroup;
			children = (
				F169E51A211933AF0070CD41 /* Base */,
			);
			name = LaunchScreen.storyboard;
			sourceTree = "<group>";
		};
/* End PBXVariantGroup section */

/* Begin XCBuildConfiguration section */
		F169E533211933AF0070CD41 /* Debug */ = {
			isa = XCBuildConfiguration;
			buildSettings = {
				ALWAYS_SEARCH_USER_PATHS = NO;
				CLANG_ANALYZER_NONNULL = YES;
				CLANG_ANALYZER_NUMBER_OBJECT_CONVERSION = YES_AGGRESSIVE;
				CLANG_CXX_LANGUAGE_STANDARD = "gnu++14";
				CLANG_CXX_LIBRARY = "libc++";
				CLANG_ENABLE_MODULES = YES;
				CLANG_ENABLE_OBJC_ARC = YES;
				CLANG_WARN_BLOCK_CAPTURE_AUTORELEASING = YES;
				CLANG_WARN_BOOL_CONVERSION = YES;
				CLANG_WARN_COMMA = YES;
				CLANG_WARN_CONSTANT_CONVERSION = YES;
				CLANG_WARN_DIRECT_OBJC_ISA_USAGE = YES_ERROR;
				CLANG_WARN_DOCUMENTATION_COMMENTS = YES;
				CLANG_WARN_EMPTY_BODY = YES;
				CLANG_WARN_ENUM_CONVERSION = YES;
				CLANG_WARN_INFINITE_RECURSION = YES;
				CLANG_WARN_INT_CONVERSION = YES;
				CLANG_WARN_NON_LITERAL_NULL_CONVERSION = YES;
				CLANG_WARN_OBJC_LITERAL_CONVERSION = YES;
				CLANG_WARN_OBJC_ROOT_CLASS = YES_ERROR;
				CLANG_WARN_RANGE_LOOP_ANALYSIS = YES;
				CLANG_WARN_STRICT_PROTOTYPES = YES;
				CLANG_WARN_SUSPICIOUS_MOVE = YES;
				CLANG_WARN_UNGUARDED_AVAILABILITY = YES_AGGRESSIVE;
				CLANG_WARN_UNREACHABLE_CODE = YES;
				CLANG_WARN__DUPLICATE_METHOD_MATCH = YES;
				CODE_SIGN_IDENTITY = "iPhone Developer";
				COPY_PHASE_STRIP = NO;
				DEBUG_INFORMATION_FORMAT = dwarf;
				ENABLE_STRICT_OBJC_MSGSEND = YES;
				ENABLE_TESTABILITY = YES;
				GCC_C_LANGUAGE_STANDARD = gnu11;
				GCC_DYNAMIC_NO_PIC = NO;
				GCC_NO_COMMON_BLOCKS = YES;
				GCC_OPTIMIZATION_LEVEL = 0;
				GCC_PREPROCESSOR_DEFINITIONS = (
					"DEBUG=1",
					"$(inherited)",
				);
				GCC_WARN_64_TO_32_BIT_CONVERSION = YES;
				GCC_WARN_ABOUT_RETURN_TYPE = YES_ERROR;
				GCC_WARN_UNDECLARED_SELECTOR = YES;
				GCC_WARN_UNINITIALIZED_AUTOS = YES_AGGRESSIVE;
				GCC_WARN_UNUSED_FUNCTION = YES;
				GCC_WARN_UNUSED_VARIABLE = YES;
				IPHONEOS_DEPLOYMENT_TARGET = 11.2;
				MTL_ENABLE_DEBUG_INFO = YES;
				ONLY_ACTIVE_ARCH = YES;
				SDKROOT = iphoneos;
				SWIFT_ACTIVE_COMPILATION_CONDITIONS = DEBUG;
				SWIFT_OPTIMIZATION_LEVEL = "-Onone";
			};
			name = Debug;
		};
		F169E534211933AF0070CD41 /* Release */ = {
			isa = XCBuildConfiguration;
			buildSettings = {
				ALWAYS_SEARCH_USER_PATHS = NO;
				CLANG_ANALYZER_NONNULL = YES;
				CLANG_ANALYZER_NUMBER_OBJECT_CONVERSION = YES_AGGRESSIVE;
				CLANG_CXX_LANGUAGE_STANDARD = "gnu++14";
				CLANG_CXX_LIBRARY = "libc++";
				CLANG_ENABLE_MODULES = YES;
				CLANG_ENABLE_OBJC_ARC = YES;
				CLANG_WARN_BLOCK_CAPTURE_AUTORELEASING = YES;
				CLANG_WARN_BOOL_CONVERSION = YES;
				CLANG_WARN_COMMA = YES;
				CLANG_WARN_CONSTANT_CONVERSION = YES;
				CLANG_WARN_DIRECT_OBJC_ISA_USAGE = YES_ERROR;
				CLANG_WARN_DOCUMENTATION_COMMENTS = YES;
				CLANG_WARN_EMPTY_BODY = YES;
				CLANG_WARN_ENUM_CONVERSION = YES;
				CLANG_WARN_INFINITE_RECURSION = YES;
				CLANG_WARN_INT_CONVERSION = YES;
				CLANG_WARN_NON_LITERAL_NULL_CONVERSION = YES;
				CLANG_WARN_OBJC_LITERAL_CONVERSION = YES;
				CLANG_WARN_OBJC_ROOT_CLASS = YES_ERROR;
				CLANG_WARN_RANGE_LOOP_ANALYSIS = YES;
				CLANG_WARN_STRICT_PROTOTYPES = YES;
				CLANG_WARN_SUSPICIOUS_MOVE = YES;
				CLANG_WARN_UNGUARDED_AVAILABILITY = YES_AGGRESSIVE;
				CLANG_WARN_UNREACHABLE_CODE = YES;
				CLANG_WARN__DUPLICATE_METHOD_MATCH = YES;
				CODE_SIGN_IDENTITY = "iPhone Developer";
				COPY_PHASE_STRIP = NO;
				DEBUG_INFORMATION_FORMAT = "dwarf-with-dsym";
				ENABLE_NS_ASSERTIONS = NO;
				ENABLE_STRICT_OBJC_MSGSEND = YES;
				GCC_C_LANGUAGE_STANDARD = gnu11;
				GCC_NO_COMMON_BLOCKS = YES;
				GCC_WARN_64_TO_32_BIT_CONVERSION = YES;
				GCC_WARN_ABOUT_RETURN_TYPE = YES_ERROR;
				GCC_WARN_UNDECLARED_SELECTOR = YES;
				GCC_WARN_UNINITIALIZED_AUTOS = YES_AGGRESSIVE;
				GCC_WARN_UNUSED_FUNCTION = YES;
				GCC_WARN_UNUSED_VARIABLE = YES;
				IPHONEOS_DEPLOYMENT_TARGET = 11.2;
				MTL_ENABLE_DEBUG_INFO = NO;
				SDKROOT = iphoneos;
				SWIFT_OPTIMIZATION_LEVEL = "-Owholemodule";
				VALIDATE_PRODUCT = YES;
			};
			name = Release;
		};
		F169E536211933AF0070CD41 /* Debug */ = {
			isa = XCBuildConfiguration;
			baseConfigurationReference = CA71D1FB27C47D8C40CA6F62 /* Pods-True Dare or shots.debug.xcconfig */;
			buildSettings = {
				ASSETCATALOG_COMPILER_APPICON_NAME = AppIcon;
				CODE_SIGN_STYLE = Automatic;
				DEVELOPMENT_TEAM = 3JGRCHFGFN;
				INFOPLIST_FILE = "True Dare or shots/Info.plist";
				LD_RUNPATH_SEARCH_PATHS = "$(inherited) @executable_path/Frameworks";
				PRODUCT_BUNDLE_IDENTIFIER = "Diegocorp.True-Dare-or-shots";
				PRODUCT_NAME = "$(TARGET_NAME)";
				SWIFT_VERSION = 4.0;
				TARGETED_DEVICE_FAMILY = "1,2";
			};
			name = Debug;
		};
		F169E537211933AF0070CD41 /* Release */ = {
			isa = XCBuildConfiguration;
			baseConfigurationReference = 4C6D60D2326B1530093CAE85 /* Pods-True Dare or shots.release.xcconfig */;
			buildSettings = {
				ASSETCATALOG_COMPILER_APPICON_NAME = AppIcon;
				CODE_SIGN_STYLE = Automatic;
				DEVELOPMENT_TEAM = 3JGRCHFGFN;
				INFOPLIST_FILE = "True Dare or shots/Info.plist";
				LD_RUNPATH_SEARCH_PATHS = "$(inherited) @executable_path/Frameworks";
				PRODUCT_BUNDLE_IDENTIFIER = "Diegocorp.True-Dare-or-shots";
				PRODUCT_NAME = "$(TARGET_NAME)";
				SWIFT_VERSION = 4.0;
				TARGETED_DEVICE_FAMILY = "1,2";
			};
			name = Release;
		};
		F169E539211933AF0070CD41 /* Debug */ = {
			isa = XCBuildConfiguration;
			baseConfigurationReference = FD7FD8377A6B7CE2275A08EE /* Pods-True Dare or shotsTests.debug.xcconfig */;
			buildSettings = {
				ALWAYS_EMBED_SWIFT_STANDARD_LIBRARIES = YES;
				BUNDLE_LOADER = "$(TEST_HOST)";
				CODE_SIGN_STYLE = Automatic;
				DEVELOPMENT_TEAM = 3JGRCHFGFN;
				INFOPLIST_FILE = "True Dare or shotsTests/Info.plist";
				LD_RUNPATH_SEARCH_PATHS = "$(inherited) @executable_path/Frameworks @loader_path/Frameworks";
				PRODUCT_BUNDLE_IDENTIFIER = "Diegocorp.True-Dare-or-shotsTests";
				PRODUCT_NAME = "$(TARGET_NAME)";
				SWIFT_VERSION = 4.0;
				TARGETED_DEVICE_FAMILY = "1,2";
				TEST_HOST = "$(BUILT_PRODUCTS_DIR)/True Dare or shots.app/True Dare or shots";
			};
			name = Debug;
		};
		F169E53A211933AF0070CD41 /* Release */ = {
			isa = XCBuildConfiguration;
			baseConfigurationReference = 2A6380387C4143658CF2267A /* Pods-True Dare or shotsTests.release.xcconfig */;
			buildSettings = {
				ALWAYS_EMBED_SWIFT_STANDARD_LIBRARIES = YES;
				BUNDLE_LOADER = "$(TEST_HOST)";
				CODE_SIGN_STYLE = Automatic;
				DEVELOPMENT_TEAM = 3JGRCHFGFN;
				INFOPLIST_FILE = "True Dare or shotsTests/Info.plist";
				LD_RUNPATH_SEARCH_PATHS = "$(inherited) @executable_path/Frameworks @loader_path/Frameworks";
				PRODUCT_BUNDLE_IDENTIFIER = "Diegocorp.True-Dare-or-shotsTests";
				PRODUCT_NAME = "$(TARGET_NAME)";
				SWIFT_VERSION = 4.0;
				TARGETED_DEVICE_FAMILY = "1,2";
				TEST_HOST = "$(BUILT_PRODUCTS_DIR)/True Dare or shots.app/True Dare or shots";
			};
			name = Release;
		};
		F169E53C211933AF0070CD41 /* Debug */ = {
			isa = XCBuildConfiguration;
			baseConfigurationReference = 7D5020453076FEC312370FC6 /* Pods-True Dare or shotsUITests.debug.xcconfig */;
			buildSettings = {
				ALWAYS_EMBED_SWIFT_STANDARD_LIBRARIES = YES;
				CODE_SIGN_STYLE = Automatic;
				DEVELOPMENT_TEAM = 3JGRCHFGFN;
				INFOPLIST_FILE = "True Dare or shotsUITests/Info.plist";
				LD_RUNPATH_SEARCH_PATHS = "$(inherited) @executable_path/Frameworks @loader_path/Frameworks";
				PRODUCT_BUNDLE_IDENTIFIER = "Diegocorp.True-Dare-or-shotsUITests";
				PRODUCT_NAME = "$(TARGET_NAME)";
				SWIFT_VERSION = 4.0;
				TARGETED_DEVICE_FAMILY = "1,2";
				TEST_TARGET_NAME = "True Dare or shots";
			};
			name = Debug;
		};
		F169E53D211933AF0070CD41 /* Release */ = {
			isa = XCBuildConfiguration;
			baseConfigurationReference = FF7B2DBBB2D65A055D43AAC7 /* Pods-True Dare or shotsUITests.release.xcconfig */;
			buildSettings = {
				ALWAYS_EMBED_SWIFT_STANDARD_LIBRARIES = YES;
				CODE_SIGN_STYLE = Automatic;
				DEVELOPMENT_TEAM = 3JGRCHFGFN;
				INFOPLIST_FILE = "True Dare or shotsUITests/Info.plist";
				LD_RUNPATH_SEARCH_PATHS = "$(inherited) @executable_path/Frameworks @loader_path/Frameworks";
				PRODUCT_BUNDLE_IDENTIFIER = "Diegocorp.True-Dare-or-shotsUITests";
				PRODUCT_NAME = "$(TARGET_NAME)";
				SWIFT_VERSION = 4.0;
				TARGETED_DEVICE_FAMILY = "1,2";
				TEST_TARGET_NAME = "True Dare or shots";
			};
			name = Release;
		};
/* End XCBuildConfiguration section */

/* Begin XCConfigurationList section */
		F169E505211933AE0070CD41 /* Build configuration list for PBXProject "True Dare or shots" */ = {
			isa = XCConfigurationList;
			buildConfigurations = (
				F169E533211933AF0070CD41 /* Debug */,
				F169E534211933AF0070CD41 /* Release */,
			);
			defaultConfigurationIsVisible = 0;
			defaultConfigurationName = Release;
		};
		F169E535211933AF0070CD41 /* Build configuration list for PBXNativeTarget "True Dare or shots" */ = {
			isa = XCConfigurationList;
			buildConfigurations = (
				F169E536211933AF0070CD41 /* Debug */,
				F169E537211933AF0070CD41 /* Release */,
			);
			defaultConfigurationIsVisible = 0;
			defaultConfigurationName = Release;
		};
		F169E538211933AF0070CD41 /* Build configuration list for PBXNativeTarget "True Dare or shotsTests" */ = {
			isa = XCConfigurationList;
			buildConfigurations = (
				F169E539211933AF0070CD41 /* Debug */,
				F169E53A211933AF0070CD41 /* Release */,
			);
			defaultConfigurationIsVisible = 0;
			defaultConfigurationName = Release;
		};
		F169E53B211933AF0070CD41 /* Build configuration list for PBXNativeTarget "True Dare or shotsUITests" */ = {
			isa = XCConfigurationList;
			buildConfigurations = (
				F169E53C211933AF0070CD41 /* Debug */,
				F169E53D211933AF0070CD41 /* Release */,
			);
			defaultConfigurationIsVisible = 0;
			defaultConfigurationName = Release;
		};
/* End XCConfigurationList section */

/* Begin XCVersionGroup section */
		F169E514211933AF0070CD41 /* True_Dare_or_shots.xcdatamodeld */ = {
			isa = XCVersionGroup;
			children = (
				F169E515211933AF0070CD41 /* True_Dare_or_shots.xcdatamodel */,
			);
			currentVersion = F169E515211933AF0070CD41 /* True_Dare_or_shots.xcdatamodel */;
			path = True_Dare_or_shots.xcdatamodeld;
			sourceTree = "<group>";
			versionGroupType = wrapper.xcdatamodel;
		};
/* End XCVersionGroup section */
	};
	rootObject = F169E502211933AE0070CD41 /* Project object */;
}
